
Microsoft Visual Studio Solution File, Format Version 12.00
# Visual Studio Version 17
VisualStudioVersion = 17.14.36414.22 d17.14
MinimumVisualStudioVersion = 10.0.40219.1
Project("{FAE04EC0-301F-11D3-BF4B-00C04F79EFBC}") = "MacOSCoreWCFTest", "MacOSCoreWCFTest.csproj", "{235B3ADC-0DD6-48BC-9EF9-9888A7E67BFD}"
EndProject
Global
	GlobalSection(SolutionConfigurationPlatforms) = preSolution
		Debug|Any CPU = Debug|Any CPU
		Release|Any CPU = Release|Any CPU
	EndGlobalSection
	GlobalSection(ProjectConfigurationPlatforms) = postSolution
		{235B3ADC-0DD6-48BC-9EF9-9888A7E67BFD}.Debug|Any CPU.ActiveCfg = Debug|Any CPU
		{235B3ADC-0DD6-48BC-9EF9-9888A7E67BFD}.Debug|Any CPU.Build.0 = Debug|Any CPU
		{235B3ADC-0DD6-48BC-9EF9-9888A7E67BFD}.Release|Any CPU.ActiveCfg = Release|Any CPU
		{235B3ADC-0DD6-48BC-9EF9-9888A7E67BFD}.Release|Any CPU.Build.0 = Release|Any CPU
	EndGlobalSection
	GlobalSection(SolutionProperties) = preSolution
		HideSolutionNode = FALSE
	EndGlobalSection
	GlobalSection(ExtensibilityGlobals) = postSolution
		SolutionGuid = {E82171BC-C1D1-4DDB-B3B3-18EDC742A63E}
	EndGlobalSection
EndGlobal
